
Microsoft Visual Studio Solution File, Format Version 12.00
# Visual Studio 15
Project("{FAE04EC0-301F-11D3-BF4B-00C04F79EFBC}") = "Gravity Match", "Assembly-CSharp.csproj", "{810F4F90-370D-DEB4-A79E-A1A9BB5FF165}"
EndProject
Global
	GlobalSection(SolutionConfigurationPlatforms) = preSolution
		Debug|Any CPU = Debug|Any CPU
		Release|Any CPU = Release|Any CPU
	EndGlobalSection
	GlobalSection(ProjectConfigurationPlatforms) = postSolution
		{810F4F90-370D-DEB4-A79E-A1A9BB5FF165}.Debug|Any CPU.ActiveCfg = Debug|Any CPU
		{810F4F90-370D-DEB4-A79E-A1A9BB5FF165}.Debug|Any CPU.Build.0 = Debug|Any CPU
		{810F4F90-370D-DEB4-A79E-A1A9BB5FF165}.Release|Any CPU.ActiveCfg = Release|Any CPU
		{810F4F90-370D-DEB4-A79E-A1A9BB5FF165}.Release|Any CPU.Build.0 = Release|Any CPU
	EndGlobalSection
	GlobalSection(SolutionProperties) = preSolution
		HideSolutionNode = FALSE
	EndGlobalSection
EndGlobal
